
Microsoft Visual Studio Solution File, Format Version 12.00
# Visual Studio Version 17
VisualStudioVersion = 17.8.34309.116
MinimumVisualStudioVersion = 10.0.40219.1
Project("{FAE04EC0-301F-11D3-BF4B-00C04F79EFBC}") = "NewClassLibrary", "NewClassLibrary\NewClassLibrary.csproj", "{A2A692E3-5955-4319-A721-37148E2E5126}"
EndProject
Project("{FAE04EC0-301F-11D3-BF4B-00C04F79EFBC}") = "SpecFlowProject2", "SpecFlowProject2\SpecFlowProject2.csproj", "{9EF365BC-A6E7-4CC3-9E11-77C6F0A2A0F9}"
EndProject
Global
	GlobalSection(SolutionConfigurationPlatforms) = preSolution
		Debug|Any CPU = Debug|Any CPU
		Release|Any CPU = Release|Any CPU
	EndGlobalSection
	GlobalSection(ProjectConfigurationPlatforms) = postSolution
		{A2A692E3-5955-4319-A721-37148E2E5126}.Debug|Any CPU.ActiveCfg = Debug|Any CPU
		{A2A692E3-5955-4319-A721-37148E2E5126}.Debug|Any CPU.Build.0 = Debug|Any CPU
		{A2A692E3-5955-4319-A721-37148E2E5126}.Release|Any CPU.ActiveCfg = Release|Any CPU
		{A2A692E3-5955-4319-A721-37148E2E5126}.Release|Any CPU.Build.0 = Release|Any CPU
		{9EF365BC-A6E7-4CC3-9E11-77C6F0A2A0F9}.Debug|Any CPU.ActiveCfg = Debug|Any CPU
		{9EF365BC-A6E7-4CC3-9E11-77C6F0A2A0F9}.Debug|Any CPU.Build.0 = Debug|Any CPU
		{9EF365BC-A6E7-4CC3-9E11-77C6F0A2A0F9}.Release|Any CPU.ActiveCfg = Release|Any CPU
		{9EF365BC-A6E7-4CC3-9E11-77C6F0A2A0F9}.Release|Any CPU.Build.0 = Release|Any CPU
	EndGlobalSection
	GlobalSection(SolutionProperties) = preSolution
		HideSolutionNode = FALSE
	EndGlobalSection
	GlobalSection(ExtensibilityGlobals) = postSolution
		SolutionGuid = {3F890E16-36CF-4E77-B201-6DCFAD77FAB8}
	EndGlobalSection
EndGlobal
